
Microsoft Visual Studio Solution File, Format Version 12.00
# Visual Studio Version 17
VisualStudioVersion = 17.14.36017.23 d17.14
MinimumVisualStudioVersion = 10.0.40219.1
Project("{8BC9CEB8-8B4A-11D0-8D11-00A0C91BC942}") = "鼠标连点", "鼠标连点\鼠标连点.vcxproj", "{69E3C278-7F5F-4481-B7D7-C54CBDA935C6}"
EndProject
Global
	GlobalSection(SolutionConfigurationPlatforms) = preSolution
		Debug|x64 = Debug|x64
		Debug|x86 = Debug|x86
		Release|x64 = Release|x64
		Release|x86 = Release|x86
	EndGlobalSection
	GlobalSection(ProjectConfigurationPlatforms) = postSolution
		{69E3C278-7F5F-4481-B7D7-C54CBDA935C6}.Debug|x64.ActiveCfg = Debug|x64
		{69E3C278-7F5F-4481-B7D7-C54CBDA935C6}.Debug|x64.Build.0 = Debug|x64
		{69E3C278-7F5F-4481-B7D7-C54CBDA935C6}.Debug|x86.ActiveCfg = Debug|Win32
		{69E3C278-7F5F-4481-B7D7-C54CBDA935C6}.Debug|x86.Build.0 = Debug|Win32
		{69E3C278-7F5F-4481-B7D7-C54CBDA935C6}.Release|x64.ActiveCfg = Release|x64
		{69E3C278-7F5F-4481-B7D7-C54CBDA935C6}.Release|x64.Build.0 = Release|x64
		{69E3C278-7F5F-4481-B7D7-C54CBDA935C6}.Release|x86.ActiveCfg = Release|Win32
		{69E3C278-7F5F-4481-B7D7-C54CBDA935C6}.Release|x86.Build.0 = Release|Win32
	EndGlobalSection
	GlobalSection(SolutionProperties) = preSolution
		HideSolutionNode = FALSE
	EndGlobalSection
	GlobalSection(ExtensibilityGlobals) = postSolution
		SolutionGuid = {83E4F55D-B969-4C82-B116-E62CED271D83}
	EndGlobalSection
EndGlobal
